// !$*UTF8*$!
{
	archiveVersion = 1;
	classes = {
	};
	objectVersion = 50;
	objects = {

/* Begin PBXBuildFile section */
		A048FEBE22CCD4A60090E8F9 /* WeekCell.m in Sources */ = {isa = PBXBuildFile; fileRef = A048FEBC22CCD4A60090E8F9 /* WeekCell.m */; };
		A048FEBF22CCD4A60090E8F9 /* WeekCell.xib in Resources */ = {isa = PBXBuildFile; fileRef = A048FEBD22CCD4A60090E8F9 /* WeekCell.xib */; };
		A09E5B0A22CA17DC00EEF079 /* AppDelegate.m in Sources */ = {isa = PBXBuildFile; fileRef = A09E5B0922CA17DC00EEF079 /* AppDelegate.m */; };
		A09E5B1022CA17DC00EEF079 /* Main.storyboard in Resources */ = {isa = PBXBuildFile; fileRef = A09E5B0E22CA17DC00EEF079 /* Main.storyboard */; };
		A09E5B1222CA17DD00EEF079 /* Assets.xcassets in Resources */ = {isa = PBXBuildFile; fileRef = A09E5B1122CA17DD00EEF079 /* Assets.xcassets */; };
		A09E5B1522CA17DD00EEF079 /* LaunchScreen.storyboard in Resources */ = {isa = PBXBuildFile; fileRef = A09E5B1322CA17DD00EEF079 /* LaunchScreen.storyboard */; };
		A09E5B1822CA17DD00EEF079 /* main.m in Sources */ = {isa = PBXBuildFile; fileRef = A09E5B1722CA17DD00EEF079 /* main.m */; };
		A09E5B2822CA1A3200EEF079 /* TimeCell.m in Sources */ = {isa = PBXBuildFile; fileRef = A09E5B2622CA1A3200EEF079 /* TimeCell.m */; };
		A09E5B2922CA1A3200EEF079 /* TimeCell.xib in Resources */ = {isa = PBXBuildFile; fileRef = A09E5B2722CA1A3200EEF079 /* TimeCell.xib */; };
		A09E5B3022CA1AC800EEF079 /* IventCell.m in Sources */ = {isa = PBXBuildFile; fileRef = A09E5B2E22CA1AC800EEF079 /* IventCell.m */; };
		A09E5B3122CA1AC800EEF079 /* IventCell.xib in Resources */ = {isa = PBXBuildFile; fileRef = A09E5B2F22CA1AC800EEF079 /* IventCell.xib */; };
		A09E5B3622CA216F00EEF079 /* DayScheduleLayout.m in Sources */ = {isa = PBXBuildFile; fileRef = A09E5B3522CA216F00EEF079 /* DayScheduleLayout.m */; };
		A09E5B3A22CA299E00EEF079 /* RootViewController.m in Sources */ = {isa = PBXBuildFile; fileRef = A09E5B3822CA299E00EEF079 /* RootViewController.m */; };
		A09E5B3B22CA299E00EEF079 /* RootViewController.xib in Resources */ = {isa = PBXBuildFile; fileRef = A09E5B3922CA299E00EEF079 /* RootViewController.xib */; };
		A09E5B3F22CA305700EEF079 /* DayScheduleViewController.m in Sources */ = {isa = PBXBuildFile; fileRef = A09E5B3D22CA305700EEF079 /* DayScheduleViewController.m */; };
		A09E5B4022CA305700EEF079 /* DayScheduleViewController.xib in Resources */ = {isa = PBXBuildFile; fileRef = A09E5B3E22CA305700EEF079 /* DayScheduleViewController.xib */; };
		A09E5B4422CA4F3600EEF079 /* DataSource.m in Sources */ = {isa = PBXBuildFile; fileRef = A09E5B4322CA4F3600EEF079 /* DataSource.m */; };
		A09E5B4722CA4FE900EEF079 /* EventKit.framework in Frameworks */ = {isa = PBXBuildFile; fileRef = A09E5B4622CA4FE900EEF079 /* EventKit.framework */; };
		A09E5B5122CA73F200EEF079 /* WeekViewController.m in Sources */ = {isa = PBXBuildFile; fileRef = A09E5B4F22CA73F200EEF079 /* WeekViewController.m */; };
		A09E5B5222CA73F200EEF079 /* WeekViewController.xib in Resources */ = {isa = PBXBuildFile; fileRef = A09E5B5022CA73F200EEF079 /* WeekViewController.xib */; };
		A09E5B5522CA74F100EEF079 /* RKCustomView.m in Sources */ = {isa = PBXBuildFile; fileRef = A09E5B5422CA74F100EEF079 /* RKCustomView.m */; };
		A09E5B5722CA751300EEF079 /* RKCustomView.xib in Resources */ = {isa = PBXBuildFile; fileRef = A09E5B5622CA751300EEF079 /* RKCustomView.xib */; };
		A0D0204522CAA94B0085858D /* RKEvent.m in Sources */ = {isa = PBXBuildFile; fileRef = A0D0204422CAA94B0085858D /* RKEvent.m */; };
/* End PBXBuildFile section */

/* Begin PBXFileReference section */
		A048FEBB22CCD4A60090E8F9 /* WeekCell.h */ = {isa = PBXFileReference; lastKnownFileType = sourcecode.c.h; path = WeekCell.h; sourceTree = "<group>"; };
		A048FEBC22CCD4A60090E8F9 /* WeekCell.m */ = {isa = PBXFileReference; lastKnownFileType = sourcecode.c.objc; path = WeekCell.m; sourceTree = "<group>"; };
		A048FEBD22CCD4A60090E8F9 /* WeekCell.xib */ = {isa = PBXFileReference; lastKnownFileType = file.xib; path = WeekCell.xib; sourceTree = "<group>"; };
		A09E5B0522CA17DC00EEF079 /* Task4.app */ = {isa = PBXFileReference; explicitFileType = wrapper.application; includeInIndex = 0; path = Task4.app; sourceTree = BUILT_PRODUCTS_DIR; };
		A09E5B0822CA17DC00EEF079 /* AppDelegate.h */ = {isa = PBXFileReference; lastKnownFileType = sourcecode.c.h; path = AppDelegate.h; sourceTree = "<group>"; };
		A09E5B0922CA17DC00EEF079 /* AppDelegate.m */ = {isa = PBXFileReference; lastKnownFileType = sourcecode.c.objc; path = AppDelegate.m; sourceTree = "<group>"; };
		A09E5B0F22CA17DC00EEF079 /* Base */ = {isa = PBXFileReference; lastKnownFileType = file.storyboard; name = Base; path = Base.lproj/Main.storyboard; sourceTree = "<group>"; };
		A09E5B1122CA17DD00EEF079 /* Assets.xcassets */ = {isa = PBXFileReference; lastKnownFileType = folder.assetcatalog; path = Assets.xcassets; sourceTree = "<group>"; };
		A09E5B1422CA17DD00EEF079 /* Base */ = {isa = PBXFileReference; lastKnownFileType = file.storyboard; name = Base; path = Base.lproj/LaunchScreen.storyboard; sourceTree = "<group>"; };
		A09E5B1622CA17DD00EEF079 /* Info.plist */ = {isa = PBXFileReference; lastKnownFileType = text.plist.xml; path = Info.plist; sourceTree = "<group>"; };
		A09E5B1722CA17DD00EEF079 /* main.m */ = {isa = PBXFileReference; lastKnownFileType = sourcecode.c.objc; path = main.m; sourceTree = "<group>"; };
		A09E5B2522CA1A3200EEF079 /* TimeCell.h */ = {isa = PBXFileReference; lastKnownFileType = sourcecode.c.h; path = TimeCell.h; sourceTree = "<group>"; };
		A09E5B2622CA1A3200EEF079 /* TimeCell.m */ = {isa = PBXFileReference; lastKnownFileType = sourcecode.c.objc; path = TimeCell.m; sourceTree = "<group>"; };
		A09E5B2722CA1A3200EEF079 /* TimeCell.xib */ = {isa = PBXFileReference; lastKnownFileType = file.xib; path = TimeCell.xib; sourceTree = "<group>"; };
		A09E5B2D22CA1AC800EEF079 /* IventCell.h */ = {isa = PBXFileReference; lastKnownFileType = sourcecode.c.h; path = IventCell.h; sourceTree = "<group>"; };
		A09E5B2E22CA1AC800EEF079 /* IventCell.m */ = {isa = PBXFileReference; lastKnownFileType = sourcecode.c.objc; path = IventCell.m; sourceTree = "<group>"; };
		A09E5B2F22CA1AC800EEF079 /* IventCell.xib */ = {isa = PBXFileReference; lastKnownFileType = file.xib; path = IventCell.xib; sourceTree = "<group>"; };
		A09E5B3422CA216F00EEF079 /* DayScheduleLayout.h */ = {isa = PBXFileReference; lastKnownFileType = sourcecode.c.h; path = DayScheduleLayout.h; sourceTree = "<group>"; };
		A09E5B3522CA216F00EEF079 /* DayScheduleLayout.m */ = {isa = PBXFileReference; lastKnownFileType = sourcecode.c.objc; path = DayScheduleLayout.m; sourceTree = "<group>"; };
		A09E5B3722CA299E00EEF079 /* RootViewController.h */ = {isa = PBXFileReference; lastKnownFileType = sourcecode.c.h; path = RootViewController.h; sourceTree = "<group>"; };
		A09E5B3822CA299E00EEF079 /* RootViewController.m */ = {isa = PBXFileReference; lastKnownFileType = sourcecode.c.objc; path = RootViewController.m; sourceTree = "<group>"; };
		A09E5B3922CA299E00EEF079 /* RootViewController.xib */ = {isa = PBXFileReference; lastKnownFileType = file.xib; path = RootViewController.xib; sourceTree = "<group>"; };
		A09E5B3C22CA305700EEF079 /* DayScheduleViewController.h */ = {isa = PBXFileReference; lastKnownFileType = sourcecode.c.h; path = DayScheduleViewController.h; sourceTree = "<group>"; };
		A09E5B3D22CA305700EEF079 /* DayScheduleViewController.m */ = {isa = PBXFileReference; lastKnownFileType = sourcecode.c.objc; path = DayScheduleViewController.m; sourceTree = "<group>"; };
		A09E5B3E22CA305700EEF079 /* DayScheduleViewController.xib */ = {isa = PBXFileReference; lastKnownFileType = file.xib; path = DayScheduleViewController.xib; sourceTree = "<group>"; };
		A09E5B4222CA4F3600EEF079 /* DataSource.h */ = {isa = PBXFileReference; lastKnownFileType = sourcecode.c.h; path = DataSource.h; sourceTree = "<group>"; };
		A09E5B4322CA4F3600EEF079 /* DataSource.m */ = {isa = PBXFileReference; lastKnownFileType = sourcecode.c.objc; path = DataSource.m; sourceTree = "<group>"; };
		A09E5B4622CA4FE900EEF079 /* EventKit.framework */ = {isa = PBXFileReference; lastKnownFileType = wrapper.framework; name = EventKit.framework; path = System/Library/Frameworks/EventKit.framework; sourceTree = SDKROOT; };
		A09E5B4E22CA73F200EEF079 /* WeekViewController.h */ = {isa = PBXFileReference; lastKnownFileType = sourcecode.c.h; path = WeekViewController.h; sourceTree = "<group>"; };
		A09E5B4F22CA73F200EEF079 /* WeekViewController.m */ = {isa = PBXFileReference; lastKnownFileType = sourcecode.c.objc; path = WeekViewController.m; sourceTree = "<group>"; };
		A09E5B5022CA73F200EEF079 /* WeekViewController.xib */ = {isa = PBXFileReference; lastKnownFileType = file.xib; path = WeekViewController.xib; sourceTree = "<group>"; };
		A09E5B5322CA74F100EEF079 /* RKCustomView.h */ = {isa = PBXFileReference; lastKnownFileType = sourcecode.c.h; path = RKCustomView.h; sourceTree = "<group>"; };
		A09E5B5422CA74F100EEF079 /* RKCustomView.m */ = {isa = PBXFileReference; lastKnownFileType = sourcecode.c.objc; path = RKCustomView.m; sourceTree = "<group>"; };
		A09E5B5622CA751300EEF079 /* RKCustomView.xib */ = {isa = PBXFileReference; lastKnownFileType = file.xib; path = RKCustomView.xib; sourceTree = "<group>"; };
		A0D0204322CAA94B0085858D /* RKEvent.h */ = {isa = PBXFileReference; lastKnownFileType = sourcecode.c.h; path = RKEvent.h; sourceTree = "<group>"; };
		A0D0204422CAA94B0085858D /* RKEvent.m */ = {isa = PBXFileReference; lastKnownFileType = sourcecode.c.objc; path = RKEvent.m; sourceTree = "<group>"; };
/* End PBXFileReference section */

/* Begin PBXFrameworksBuildPhase section */
		A09E5B0222CA17DC00EEF079 /* Frameworks */ = {
			isa = PBXFrameworksBuildPhase;
			buildActionMask = 2147483647;
			files = (
				A09E5B4722CA4FE900EEF079 /* EventKit.framework in Frameworks */,
			);
			runOnlyForDeploymentPostprocessing = 0;
		};
/* End PBXFrameworksBuildPhase section */

/* Begin PBXGroup section */
		A048FEB722CCD46A0090E8F9 /* Cells */ = {
			isa = PBXGroup;
			children = (
				A048FEBB22CCD4A60090E8F9 /* WeekCell.h */,
				A048FEBC22CCD4A60090E8F9 /* WeekCell.m */,
				A048FEBD22CCD4A60090E8F9 /* WeekCell.xib */,
			);
			path = Cells;
			sourceTree = "<group>";
		};
		A09E5AFC22CA17DC00EEF079 = {
			isa = PBXGroup;
			children = (
				A09E5B0722CA17DC00EEF079 /* Task4 */,
				A09E5B0622CA17DC00EEF079 /* Products */,
				A09E5B4522CA4FE900EEF079 /* Frameworks */,
			);
			sourceTree = "<group>";
		};
		A09E5B0622CA17DC00EEF079 /* Products */ = {
			isa = PBXGroup;
			children = (
				A09E5B0522CA17DC00EEF079 /* Task4.app */,
			);
			name = Products;
			sourceTree = "<group>";
		};
		A09E5B0722CA17DC00EEF079 /* Task4 */ = {
			isa = PBXGroup;
			children = (
				A09E5B4122CA4F1600EEF079 /* DataSource */,
				A09E5B1E22CA19A900EEF079 /* DayCollectionVC */,
				A09E5B4B22CA72CB00EEF079 /* WeakColletionVC */,
				A09E5B3722CA299E00EEF079 /* RootViewController.h */,
				A09E5B3822CA299E00EEF079 /* RootViewController.m */,
				A09E5B3922CA299E00EEF079 /* RootViewController.xib */,
				A09E5B0E22CA17DC00EEF079 /* Main.storyboard */,
				A09E5B1322CA17DD00EEF079 /* LaunchScreen.storyboard */,
				A09E5B1622CA17DD00EEF079 /* Info.plist */,
				A09E5B1722CA17DD00EEF079 /* main.m */,
				A09E5B4D22CA731A00EEF079 /* SuportingFiles */,
				A09E5B1122CA17DD00EEF079 /* Assets.xcassets */,
				A09E5B5322CA74F100EEF079 /* RKCustomView.h */,
				A09E5B5422CA74F100EEF079 /* RKCustomView.m */,
				A09E5B5622CA751300EEF079 /* RKCustomView.xib */,
			);
			path = Task4;
			sourceTree = "<group>";
		};
		A09E5B1E22CA19A900EEF079 /* DayCollectionVC */ = {
			isa = PBXGroup;
			children = (
				A09E5B3322CA211C00EEF079 /* Layout */,
				A09E5B2422CA19F300EEF079 /* Cells */,
				A09E5B3C22CA305700EEF079 /* DayScheduleViewController.h */,
				A09E5B3D22CA305700EEF079 /* DayScheduleViewController.m */,
				A09E5B3E22CA305700EEF079 /* DayScheduleViewController.xib */,
			);
			path = DayCollectionVC;
			sourceTree = "<group>";
		};
		A09E5B2422CA19F300EEF079 /* Cells */ = {
			isa = PBXGroup;
			children = (
				A09E5B2522CA1A3200EEF079 /* TimeCell.h */,
				A09E5B2622CA1A3200EEF079 /* TimeCell.m */,
				A09E5B2722CA1A3200EEF079 /* TimeCell.xib */,
				A09E5B2D22CA1AC800EEF079 /* IventCell.h */,
				A09E5B2E22CA1AC800EEF079 /* IventCell.m */,
				A09E5B2F22CA1AC800EEF079 /* IventCell.xib */,
			);
			path = Cells;
			sourceTree = "<group>";
		};
		A09E5B3322CA211C00EEF079 /* Layout */ = {
			isa = PBXGroup;
			children = (
				A09E5B3422CA216F00EEF079 /* DayScheduleLayout.h */,
				A09E5B3522CA216F00EEF079 /* DayScheduleLayout.m */,
			);
			path = Layout;
			sourceTree = "<group>";
		};
		A09E5B4122CA4F1600EEF079 /* DataSource */ = {
			isa = PBXGroup;
			children = (
				A09E5B4222CA4F3600EEF079 /* DataSource.h */,
				A09E5B4322CA4F3600EEF079 /* DataSource.m */,
				A0D0204322CAA94B0085858D /* RKEvent.h */,
				A0D0204422CAA94B0085858D /* RKEvent.m */,
			);
			path = DataSource;
			sourceTree = "<group>";
		};
		A09E5B4522CA4FE900EEF079 /* Frameworks */ = {
			isa = PBXGroup;
			children = (
				A09E5B4622CA4FE900EEF079 /* EventKit.framework */,
			);
			name = Frameworks;
			sourceTree = "<group>";
		};
		A09E5B4B22CA72CB00EEF079 /* WeakColletionVC */ = {
			isa = PBXGroup;
			children = (
				A048FEB722CCD46A0090E8F9 /* Cells */,
				A09E5B4E22CA73F200EEF079 /* WeekViewController.h */,
				A09E5B4F22CA73F200EEF079 /* WeekViewController.m */,
				A09E5B5022CA73F200EEF079 /* WeekViewController.xib */,
			);
			path = WeakColletionVC;
			sourceTree = "<group>";
		};
		A09E5B4D22CA731A00EEF079 /* SuportingFiles */ = {
			isa = PBXGroup;
			children = (
				A09E5B0822CA17DC00EEF079 /* AppDelegate.h */,
				A09E5B0922CA17DC00EEF079 /* AppDelegate.m */,
			);
			path = SuportingFiles;
			sourceTree = "<group>";
		};
/* End PBXGroup section */

/* Begin PBXNativeTarget section */
		A09E5B0422CA17DC00EEF079 /* Task4 */ = {
			isa = PBXNativeTarget;
			buildConfigurationList = A09E5B1B22CA17DD00EEF079 /* Build configuration list for PBXNativeTarget "Task4" */;
			buildPhases = (
				A09E5B0122CA17DC00EEF079 /* Sources */,
				A09E5B0222CA17DC00EEF079 /* Frameworks */,
				A09E5B0322CA17DC00EEF079 /* Resources */,
			);
			buildRules = (
			);
			dependencies = (
			);
			name = Task4;
			productName = Task4;
			productReference = A09E5B0522CA17DC00EEF079 /* Task4.app */;
			productType = "com.apple.product-type.application";
		};
/* End PBXNativeTarget section */

/* Begin PBXProject section */
		A09E5AFD22CA17DC00EEF079 /* Project object */ = {
			isa = PBXProject;
			attributes = {
				LastUpgradeCheck = 1020;
				ORGANIZATIONNAME = Roman;
				TargetAttributes = {
					A09E5B0422CA17DC00EEF079 = {
						CreatedOnToolsVersion = 10.2.1;
					};
				};
			};
			buildConfigurationList = A09E5B0022CA17DC00EEF079 /* Build configuration list for PBXProject "Task4" */;
			compatibilityVersion = "Xcode 9.3";
			developmentRegion = en;
			hasScannedForEncodings = 0;
			knownRegions = (
				en,
				Base,
			);
			mainGroup = A09E5AFC22CA17DC00EEF079;
			productRefGroup = A09E5B0622CA17DC00EEF079 /* Products */;
			projectDirPath = "";
			projectRoot = "";
			targets = (
				A09E5B0422CA17DC00EEF079 /* Task4 */,
			);
		};
/* End PBXProject section */

/* Begin PBXResourcesBuildPhase section */
		A09E5B0322CA17DC00EEF079 /* Resources */ = {
			isa = PBXResourcesBuildPhase;
			buildActionMask = 2147483647;
			files = (
				A09E5B4022CA305700EEF079 /* DayScheduleViewController.xib in Resources */,
				A09E5B1522CA17DD00EEF079 /* LaunchScreen.storyboard in Resources */,
				A09E5B5222CA73F200EEF079 /* WeekViewController.xib in Resources */,
				A09E5B1222CA17DD00EEF079 /* Assets.xcassets in Resources */,
				A09E5B1022CA17DC00EEF079 /* Main.storyboard in Resources */,
				A09E5B5722CA751300EEF079 /* RKCustomView.xib in Resources */,
				A09E5B3B22CA299E00EEF079 /* RootViewController.xib in Resources */,
				A09E5B3122CA1AC800EEF079 /* IventCell.xib in Resources */,
				A09E5B2922CA1A3200EEF079 /* TimeCell.xib in Resources */,
				A048FEBF22CCD4A60090E8F9 /* WeekCell.xib in Resources */,
			);
			runOnlyForDeploymentPostprocessing = 0;
		};
/* End PBXResourcesBuildPhase section */

/* Begin PBXSourcesBuildPhase section */
		A09E5B0122CA17DC00EEF079 /* Sources */ = {
			isa = PBXSourcesBuildPhase;
			buildActionMask = 2147483647;
			files = (
				A09E5B3F22CA305700EEF079 /* DayScheduleViewController.m in Sources */,
				A048FEBE22CCD4A60090E8F9 /* WeekCell.m in Sources */,
				A09E5B3022CA1AC800EEF079 /* IventCell.m in Sources */,
				A09E5B4422CA4F3600EEF079 /* DataSource.m in Sources */,
				A09E5B3A22CA299E00EEF079 /* RootViewController.m in Sources */,
				A09E5B5122CA73F200EEF079 /* WeekViewController.m in Sources */,
				A09E5B3622CA216F00EEF079 /* DayScheduleLayout.m in Sources */,
				A09E5B2822CA1A3200EEF079 /* TimeCell.m in Sources */,
				A09E5B1822CA17DD00EEF079 /* main.m in Sources */,
				A0D0204522CAA94B0085858D /* RKEvent.m in Sources */,
				A09E5B0A22CA17DC00EEF079 /* AppDelegate.m in Sources */,
				A09E5B5522CA74F100EEF079 /* RKCustomView.m in Sources */,
			);
			runOnlyForDeploymentPostprocessing = 0;
		};
/* End PBXSourcesBuildPhase section */

/* Begin PBXVariantGroup section */
		A09E5B0E22CA17DC00EEF079 /* Main.storyboard */ = {
			isa = PBXVariantGroup;
			children = (
				A09E5B0F22CA17DC00EEF079 /* Base */,
			);
			name = Main.storyboard;
			sourceTree = "<group>";
		};
		A09E5B1322CA17DD00EEF079 /* LaunchScreen.storyboard */ = {
			isa = PBXVariantGroup;
			children = (
				A09E5B1422CA17DD00EEF079 /* Base */,
			);
			name = LaunchScreen.storyboard;
			sourceTree = "<group>";
		};
/* End PBXVariantGroup section */

/* Begin XCBuildConfiguration section */
		A09E5B1922CA17DD00EEF079 /* Debug */ = {
			isa = XCBuildConfiguration;
			buildSettings = {
				ALWAYS_SEARCH_USER_PATHS = NO;
				CLANG_ANALYZER_NONNULL = YES;
				CLANG_ANALYZER_NUMBER_OBJECT_CONVERSION = YES_AGGRESSIVE;
				CLANG_CXX_LANGUAGE_STANDARD = "gnu++14";
				CLANG_CXX_LIBRARY = "libc++";
				CLANG_ENABLE_MODULES = YES;
				CLANG_ENABLE_OBJC_ARC = YES;
				CLANG_ENABLE_OBJC_WEAK = YES;
				CLANG_WARN_BLOCK_CAPTURE_AUTORELEASING = YES;
				CLANG_WARN_BOOL_CONVERSION = YES;
				CLANG_WARN_COMMA = YES;
				CLANG_WARN_CONSTANT_CONVERSION = YES;
				CLANG_WARN_DEPRECATED_OBJC_IMPLEMENTATIONS = YES;
				CLANG_WARN_DIRECT_OBJC_ISA_USAGE = YES_ERROR;
				CLANG_WARN_DOCUMENTATION_COMMENTS = YES;
				CLANG_WARN_EMPTY_BODY = YES;
				CLANG_WARN_ENUM_CONVERSION = YES;
				CLANG_WARN_INFINITE_RECURSION = YES;
				CLANG_WARN_INT_CONVERSION = YES;
				CLANG_WARN_NON_LITERAL_NULL_CONVERSION = YES;
				CLANG_WARN_OBJC_IMPLICIT_RETAIN_SELF = YES;
				CLANG_WARN_OBJC_LITERAL_CONVERSION = YES;
				CLANG_WARN_OBJC_ROOT_CLASS = YES_ERROR;
				CLANG_WARN_RANGE_LOOP_ANALYSIS = YES;
				CLANG_WARN_STRICT_PROTOTYPES = YES;
				CLANG_WARN_SUSPICIOUS_MOVE = YES;
				CLANG_WARN_UNGUARDED_AVAILABILITY = YES_AGGRESSIVE;
				CLANG_WARN_UNREACHABLE_CODE = YES;
				CLANG_WARN__DUPLICATE_METHOD_MATCH = YES;
				CODE_SIGN_IDENTITY = "iPhone Developer";
				COPY_PHASE_STRIP = NO;
				DEBUG_INFORMATION_FORMAT = dwarf;
				ENABLE_STRICT_OBJC_MSGSEND = YES;
				ENABLE_TESTABILITY = YES;
				GCC_C_LANGUAGE_STANDARD = gnu11;
				GCC_DYNAMIC_NO_PIC = NO;
				GCC_NO_COMMON_BLOCKS = YES;
				GCC_OPTIMIZATION_LEVEL = 0;
				GCC_PREPROCESSOR_DEFINITIONS = (
					"DEBUG=1",
					"$(inherited)",
				);
				GCC_WARN_64_TO_32_BIT_CONVERSION = YES;
				GCC_WARN_ABOUT_RETURN_TYPE = YES_ERROR;
				GCC_WARN_UNDECLARED_SELECTOR = YES;
				GCC_WARN_UNINITIALIZED_AUTOS = YES_AGGRESSIVE;
				GCC_WARN_UNUSED_FUNCTION = YES;
				GCC_WARN_UNUSED_VARIABLE = YES;
				IPHONEOS_DEPLOYMENT_TARGET = 12.2;
				MTL_ENABLE_DEBUG_INFO = INCLUDE_SOURCE;
				MTL_FAST_MATH = YES;
				ONLY_ACTIVE_ARCH = YES;
				SDKROOT = iphoneos;
			};
			name = Debug;
		};
		A09E5B1A22CA17DD00EEF079 /* Release */ = {
			isa = XCBuildConfiguration;
			buildSettings = {
				ALWAYS_SEARCH_USER_PATHS = NO;
				CLANG_ANALYZER_NONNULL = YES;
				CLANG_ANALYZER_NUMBER_OBJECT_CONVERSION = YES_AGGRESSIVE;
				CLANG_CXX_LANGUAGE_STANDARD = "gnu++14";
				CLANG_CXX_LIBRARY = "libc++";
				CLANG_ENABLE_MODULES = YES;
				CLANG_ENABLE_OBJC_ARC = YES;
				CLANG_ENABLE_OBJC_WEAK = YES;
				CLANG_WARN_BLOCK_CAPTURE_AUTORELEASING = YES;
				CLANG_WARN_BOOL_CONVERSION = YES;
				CLANG_WARN_COMMA = YES;
				CLANG_WARN_CONSTANT_CONVERSION = YES;
				CLANG_WARN_DEPRECATED_OBJC_IMPLEMENTATIONS = YES;
				CLANG_WARN_DIRECT_OBJC_ISA_USAGE = YES_ERROR;
				CLANG_WARN_DOCUMENTATION_COMMENTS = YES;
				CLANG_WARN_EMPTY_BODY = YES;
				CLANG_WARN_ENUM_CONVERSION = YES;
				CLANG_WARN_INFINITE_RECURSION = YES;
				CLANG_WARN_INT_CONVERSION = YES;
				CLANG_WARN_NON_LITERAL_NULL_CONVERSION = YES;
				CLANG_WARN_OBJC_IMPLICIT_RETAIN_SELF = YES;
				CLANG_WARN_OBJC_LITERAL_CONVERSION = YES;
				CLANG_WARN_OBJC_ROOT_CLASS = YES_ERROR;
				CLANG_WARN_RANGE_LOOP_ANALYSIS = YES;
				CLANG_WARN_STRICT_PROTOTYPES = YES;
				CLANG_WARN_SUSPICIOUS_MOVE = YES;
				CLANG_WARN_UNGUARDED_AVAILABILITY = YES_AGGRESSIVE;
				CLANG_WARN_UNREACHABLE_CODE = YES;
				CLANG_WARN__DUPLICATE_METHOD_MATCH = YES;
				CODE_SIGN_IDENTITY = "iPhone Developer";
				COPY_PHASE_STRIP = NO;
				DEBUG_INFORMATION_FORMAT = "dwarf-with-dsym";
				ENABLE_NS_ASSERTIONS = NO;
				ENABLE_STRICT_OBJC_MSGSEND = YES;
				GCC_C_LANGUAGE_STANDARD = gnu11;
				GCC_NO_COMMON_BLOCKS = YES;
				GCC_WARN_64_TO_32_BIT_CONVERSION = YES;
				GCC_WARN_ABOUT_RETURN_TYPE = YES_ERROR;
				GCC_WARN_UNDECLARED_SELECTOR = YES;
				GCC_WARN_UNINITIALIZED_AUTOS = YES_AGGRESSIVE;
				GCC_WARN_UNUSED_FUNCTION = YES;
				GCC_WARN_UNUSED_VARIABLE = YES;
				IPHONEOS_DEPLOYMENT_TARGET = 12.2;
				MTL_ENABLE_DEBUG_INFO = NO;
				MTL_FAST_MATH = YES;
				SDKROOT = iphoneos;
				VALIDATE_PRODUCT = YES;
			};
			name = Release;
		};
		A09E5B1C22CA17DD00EEF079 /* Debug */ = {
			isa = XCBuildConfiguration;
			buildSettings = {
				ASSETCATALOG_COMPILER_APPICON_NAME = AppIcon;
				CODE_SIGN_STYLE = Automatic;
				DEVELOPMENT_TEAM = HJSF27K7R5;
				INFOPLIST_FILE = Task4/Info.plist;
				LD_RUNPATH_SEARCH_PATHS = (
					"$(inherited)",
					"@executable_path/Frameworks",
				);
				PRODUCT_BUNDLE_IDENTIFIER = KananovichRoman.Task4;
				PRODUCT_NAME = "$(TARGET_NAME)";
				TARGETED_DEVICE_FAMILY = "1,2";
			};
			name = Debug;
		};
		A09E5B1D22CA17DD00EEF079 /* Release */ = {
			isa = XCBuildConfiguration;
			buildSettings = {
				ASSETCATALOG_COMPILER_APPICON_NAME = AppIcon;
				CODE_SIGN_STYLE = Automatic;
				DEVELOPMENT_TEAM = HJSF27K7R5;
				INFOPLIST_FILE = Task4/Info.plist;
				LD_RUNPATH_SEARCH_PATHS = (
					"$(inherited)",
					"@executable_path/Frameworks",
				);
				PRODUCT_BUNDLE_IDENTIFIER = KananovichRoman.Task4;
				PRODUCT_NAME = "$(TARGET_NAME)";
				TARGETED_DEVICE_FAMILY = "1,2";
			};
			name = Release;
		};
/* End XCBuildConfiguration section */

/* Begin XCConfigurationList section */
		A09E5B0022CA17DC00EEF079 /* Build configuration list for PBXProject "Task4" */ = {
			isa = XCConfigurationList;
			buildConfigurations = (
				A09E5B1922CA17DD00EEF079 /* Debug */,
				A09E5B1A22CA17DD00EEF079 /* Release */,
			);
			defaultConfigurationIsVisible = 0;
			defaultConfigurationName = Release;
		};
		A09E5B1B22CA17DD00EEF079 /* Build configuration list for PBXNativeTarget "Task4" */ = {
			isa = XCConfigurationList;
			buildConfigurations = (
				A09E5B1C22CA17DD00EEF079 /* Debug */,
				A09E5B1D22CA17DD00EEF079 /* Release */,
			);
			defaultConfigurationIsVisible = 0;
			defaultConfigurationName = Release;
		};
/* End XCConfigurationList section */
	};
	rootObject = A09E5AFD22CA17DC00EEF079 /* Project object */;
}
